// !$*UTF8*$!
{
	archiveVersion = 1;
	classes = {
	};
	objectVersion = 56;
	objects = {

/* Begin PBXBuildFile section */
		FB16C0DE2C8B57C4006CAF9C /* InterfazBotones.swift in Sources */ = {isa = PBXBuildFile; fileRef = FB16C0DD2C8B57C4006CAF9C /* InterfazBotones.swift */; };
		FB4F264C2C8218DA0085FD6A /* AppDelegate.swift in Sources */ = {isa = PBXBuildFile; fileRef = FB4F264B2C8218DA0085FD6A /* AppDelegate.swift */; };
		FB4F264E2C8218DA0085FD6A /* SceneDelegate.swift in Sources */ = {isa = PBXBuildFile; fileRef = FB4F264D2C8218DA0085FD6A /* SceneDelegate.swift */; };
		FB4F26502C8218DA0085FD6A /* ViewController.swift in Sources */ = {isa = PBXBuildFile; fileRef = FB4F264F2C8218DA0085FD6A /* ViewController.swift */; };
		FB4F26532C8218DA0085FD6A /* Base in Resources */ = {isa = PBXBuildFile; fileRef = FB4F26522C8218DA0085FD6A /* Base */; };
		FB4F26552C8218DA0085FD6A /* Assets.xcassets in Resources */ = {isa = PBXBuildFile; fileRef = FB4F26542C8218DA0085FD6A /* Assets.xcassets */; };
		FB4F26582C8218DA0085FD6A /* Base in Resources */ = {isa = PBXBuildFile; fileRef = FB4F26572C8218DA0085FD6A /* Base */; };
		FB4F26632C8218DB0085FD6A /* Calculadora_LolaTests.swift in Sources */ = {isa = PBXBuildFile; fileRef = FB4F26622C8218DB0085FD6A /* Calculadora_LolaTests.swift */; };
		FB4F266D2C8218DB0085FD6A /* Calculadora_LolaUITests.swift in Sources */ = {isa = PBXBuildFile; fileRef = FB4F266C2C8218DB0085FD6A /* Calculadora_LolaUITests.swift */; };
		FB4F266F2C8218DB0085FD6A /* Calculadora_LolaUITestsLaunchTests.swift in Sources */ = {isa = PBXBuildFile; fileRef = FB4F266E2C8218DB0085FD6A /* Calculadora_LolaUITestsLaunchTests.swift */; };
/* End PBXBuildFile section */

/* Begin PBXContainerItemProxy section */
		FB4F265F2C8218DB0085FD6A /* PBXContainerItemProxy */ = {
			isa = PBXContainerItemProxy;
			containerPortal = FB4F26402C8218DA0085FD6A /* Project object */;
			proxyType = 1;
			remoteGlobalIDString = FB4F26472C8218DA0085FD6A;
			remoteInfo = "Calculadora Lola";
		};
		FB4F26692C8218DB0085FD6A /* PBXContainerItemProxy */ = {
			isa = PBXContainerItemProxy;
			containerPortal = FB4F26402C8218DA0085FD6A /* Project object */;
			proxyType = 1;
			remoteGlobalIDString = FB4F26472C8218DA0085FD6A;
			remoteInfo = "Calculadora Lola";
		};
/* End PBXContainerItemProxy section */

/* Begin PBXFileReference section */
		FB16C0DD2C8B57C4006CAF9C /* InterfazBotones.swift */ = {isa = PBXFileReference; lastKnownFileType = sourcecode.swift; path = InterfazBotones.swift; sourceTree = "<group>"; };
		FB4F26482C8218DA0085FD6A /* Calculadora Lola.app */ = {isa = PBXFileReference; explicitFileType = wrapper.application; includeInIndex = 0; path = "Calculadora Lola.app"; sourceTree = BUILT_PRODUCTS_DIR; };
		FB4F264B2C8218DA0085FD6A /* AppDelegate.swift */ = {isa = PBXFileReference; lastKnownFileType = sourcecode.swift; path = AppDelegate.swift; sourceTree = "<group>"; };
		FB4F264D2C8218DA0085FD6A /* SceneDelegate.swift */ = {isa = PBXFileReference; lastKnownFileType = sourcecode.swift; path = SceneDelegate.swift; sourceTree = "<group>"; };
		FB4F264F2C8218DA0085FD6A /* ViewController.swift */ = {isa = PBXFileReference; lastKnownFileType = sourcecode.swift; path = ViewController.swift; sourceTree = "<group>"; };
		FB4F26522C8218DA0085FD6A /* Base */ = {isa = PBXFileReference; lastKnownFileType = file.storyboard; name = Base; path = Base.lproj/Main.storyboard; sourceTree = "<group>"; };
		FB4F26542C8218DA0085FD6A /* Assets.xcassets */ = {isa = PBXFileReference; lastKnownFileType = folder.assetcatalog; path = Assets.xcassets; sourceTree = "<group>"; };
		FB4F26572C8218DA0085FD6A /* Base */ = {isa = PBXFileReference; lastKnownFileType = file.storyboard; name = Base; path = Base.lproj/LaunchScreen.storyboard; sourceTree = "<group>"; };
		FB4F26592C8218DA0085FD6A /* Info.plist */ = {isa = PBXFileReference; lastKnownFileType = text.plist.xml; path = Info.plist; sourceTree = "<group>"; };
		FB4F265E2C8218DB0085FD6A /* Calculadora LolaTests.xctest */ = {isa = PBXFileReference; explicitFileType = wrapper.cfbundle; includeInIndex = 0; path = "Calculadora LolaTests.xctest"; sourceTree = BUILT_PRODUCTS_DIR; };
		FB4F26622C8218DB0085FD6A /* Calculadora_LolaTests.swift */ = {isa = PBXFileReference; lastKnownFileType = sourcecode.swift; path = Calculadora_LolaTests.swift; sourceTree = "<group>"; };
		FB4F26682C8218DB0085FD6A /* Calculadora LolaUITests.xctest */ = {isa = PBXFileReference; explicitFileType = wrapper.cfbundle; includeInIndex = 0; path = "Calculadora LolaUITests.xctest"; sourceTree = BUILT_PRODUCTS_DIR; };
		FB4F266C2C8218DB0085FD6A /* Calculadora_LolaUITests.swift */ = {isa = PBXFileReference; lastKnownFileType = sourcecode.swift; path = Calculadora_LolaUITests.swift; sourceTree = "<group>"; };
		FB4F266E2C8218DB0085FD6A /* Calculadora_LolaUITestsLaunchTests.swift */ = {isa = PBXFileReference; lastKnownFileType = sourcecode.swift; path = Calculadora_LolaUITestsLaunchTests.swift; sourceTree = "<group>"; };
/* End PBXFileReference section */

/* Begin PBXFrameworksBuildPhase section */
		FB4F26452C8218DA0085FD6A /* Frameworks */ = {
			isa = PBXFrameworksBuildPhase;
			buildActionMask = 2147483647;
			files = (
			);
			runOnlyForDeploymentPostprocessing = 0;
		};
		FB4F265B2C8218DB0085FD6A /* Frameworks */ = {
			isa = PBXFrameworksBuildPhase;
			buildActionMask = 2147483647;
			files = (
			);
			runOnlyForDeploymentPostprocessing = 0;
		};
		FB4F26652C8218DB0085FD6A /* Frameworks */ = {
			isa = PBXFrameworksBuildPhase;
			buildActionMask = 2147483647;
			files = (
			);
			runOnlyForDeploymentPostprocessing = 0;
		};
/* End PBXFrameworksBuildPhase section */

/* Begin PBXGroup section */
		FB16C0DB2C8B5791006CAF9C /* Modelo */ = {
			isa = PBXGroup;
			children = (
				FB16C0DC2C8B579B006CAF9C /* Interfaz */,
			);
			path = Modelo;
			sourceTree = "<group>";
		};
		FB16C0DC2C8B579B006CAF9C /* Interfaz */ = {
			isa = PBXGroup;
			children = (
				FB16C0DD2C8B57C4006CAF9C /* InterfazBotones.swift */,
			);
			path = Interfaz;
			sourceTree = "<group>";
		};
		FB4F263F2C8218DA0085FD6A = {
			isa = PBXGroup;
			children = (
				FB4F264A2C8218DA0085FD6A /* Calculadora Lola */,
				FB4F26612C8218DB0085FD6A /* Calculadora LolaTests */,
				FB4F266B2C8218DB0085FD6A /* Calculadora LolaUITests */,
				FB4F26492C8218DA0085FD6A /* Products */,
			);
			sourceTree = "<group>";
		};
		FB4F26492C8218DA0085FD6A /* Products */ = {
			isa = PBXGroup;
			children = (
				FB4F26482C8218DA0085FD6A /* Calculadora Lola.app */,
				FB4F265E2C8218DB0085FD6A /* Calculadora LolaTests.xctest */,
				FB4F26682C8218DB0085FD6A /* Calculadora LolaUITests.xctest */,
			);
			name = Products;
			sourceTree = "<group>";
		};
		FB4F264A2C8218DA0085FD6A /* Calculadora Lola */ = {
			isa = PBXGroup;
			children = (
				FB16C0DB2C8B5791006CAF9C /* Modelo */,
				FB4F264B2C8218DA0085FD6A /* AppDelegate.swift */,
				FB4F264D2C8218DA0085FD6A /* SceneDelegate.swift */,
				FB4F264F2C8218DA0085FD6A /* ViewController.swift */,
				FB4F26512C8218DA0085FD6A /* Main.storyboard */,
				FB4F26542C8218DA0085FD6A /* Assets.xcassets */,
				FB4F26562C8218DA0085FD6A /* LaunchScreen.storyboard */,
				FB4F26592C8218DA0085FD6A /* Info.plist */,
			);
			path = "Calculadora Lola";
			sourceTree = "<group>";
		};
		FB4F26612C8218DB0085FD6A /* Calculadora LolaTests */ = {
			isa = PBXGroup;
			children = (
				FB4F26622C8218DB0085FD6A /* Calculadora_LolaTests.swift */,
			);
			path = "Calculadora LolaTests";
			sourceTree = "<group>";
		};
		FB4F266B2C8218DB0085FD6A /* Calculadora LolaUITests */ = {
			isa = PBXGroup;
			children = (
				FB4F266C2C8218DB0085FD6A /* Calculadora_LolaUITests.swift */,
				FB4F266E2C8218DB0085FD6A /* Calculadora_LolaUITestsLaunchTests.swift */,
			);
			path = "Calculadora LolaUITests";
			sourceTree = "<group>";
		};
/* End PBXGroup section */

/* Begin PBXNativeTarget section */
		FB4F26472C8218DA0085FD6A /* Calculadora Lola */ = {
			isa = PBXNativeTarget;
			buildConfigurationList = FB4F26722C8218DB0085FD6A /* Build configuration list for PBXNativeTarget "Calculadora Lola" */;
			buildPhases = (
				FB4F26442C8218DA0085FD6A /* Sources */,
				FB4F26452C8218DA0085FD6A /* Frameworks */,
				FB4F26462C8218DA0085FD6A /* Resources */,
			);
			buildRules = (
			);
			dependencies = (
			);
			name = "Calculadora Lola";
			productName = "Calculadora Lola";
			productReference = FB4F26482C8218DA0085FD6A /* Calculadora Lola.app */;
			productType = "com.apple.product-type.application";
		};
		FB4F265D2C8218DB0085FD6A /* Calculadora LolaTests */ = {
			isa = PBXNativeTarget;
			buildConfigurationList = FB4F26752C8218DB0085FD6A /* Build configuration list for PBXNativeTarget "Calculadora LolaTests" */;
			buildPhases = (
				FB4F265A2C8218DB0085FD6A /* Sources */,
				FB4F265B2C8218DB0085FD6A /* Frameworks */,
				FB4F265C2C8218DB0085FD6A /* Resources */,
			);
			buildRules = (
			);
			dependencies = (
				FB4F26602C8218DB0085FD6A /* PBXTargetDependency */,
			);
			name = "Calculadora LolaTests";
			productName = "Calculadora LolaTests";
			productReference = FB4F265E2C8218DB0085FD6A /* Calculadora LolaTests.xctest */;
			productType = "com.apple.product-type.bundle.unit-test";
		};
		FB4F26672C8218DB0085FD6A /* Calculadora LolaUITests */ = {
			isa = PBXNativeTarget;
			buildConfigurationList = FB4F26782C8218DB0085FD6A /* Build configuration list for PBXNativeTarget "Calculadora LolaUITests" */;
			buildPhases = (
				FB4F26642C8218DB0085FD6A /* Sources */,
				FB4F26652C8218DB0085FD6A /* Frameworks */,
				FB4F26662C8218DB0085FD6A /* Resources */,
			);
			buildRules = (
			);
			dependencies = (
				FB4F266A2C8218DB0085FD6A /* PBXTargetDependency */,
			);
			name = "Calculadora LolaUITests";
			productName = "Calculadora LolaUITests";
			productReference = FB4F26682C8218DB0085FD6A /* Calculadora LolaUITests.xctest */;
			productType = "com.apple.product-type.bundle.ui-testing";
		};
/* End PBXNativeTarget section */

/* Begin PBXProject section */
		FB4F26402C8218DA0085FD6A /* Project object */ = {
			isa = PBXProject;
			attributes = {
				BuildIndependentTargetsInParallel = 1;
				LastSwiftUpdateCheck = 1540;
				LastUpgradeCheck = 1540;
				TargetAttributes = {
					FB4F26472C8218DA0085FD6A = {
						CreatedOnToolsVersion = 15.4;
					};
					FB4F265D2C8218DB0085FD6A = {
						CreatedOnToolsVersion = 15.4;
						TestTargetID = FB4F26472C8218DA0085FD6A;
					};
					FB4F26672C8218DB0085FD6A = {
						CreatedOnToolsVersion = 15.4;
						TestTargetID = FB4F26472C8218DA0085FD6A;
					};
				};
			};
			buildConfigurationList = FB4F26432C8218DA0085FD6A /* Build configuration list for PBXProject "Calculadora Lola" */;
			compatibilityVersion = "Xcode 14.0";
			developmentRegion = en;
			hasScannedForEncodings = 0;
			knownRegions = (
				en,
				Base,
			);
			mainGroup = FB4F263F2C8218DA0085FD6A;
			productRefGroup = FB4F26492C8218DA0085FD6A /* Products */;
			projectDirPath = "";
			projectRoot = "";
			targets = (
				FB4F26472C8218DA0085FD6A /* Calculadora Lola */,
				FB4F265D2C8218DB0085FD6A /* Calculadora LolaTests */,
				FB4F26672C8218DB0085FD6A /* Calculadora LolaUITests */,
			);
		};
/* End PBXProject section */

/* Begin PBXResourcesBuildPhase section */
		FB4F26462C8218DA0085FD6A /* Resources */ = {
			isa = PBXResourcesBuildPhase;
			buildActionMask = 2147483647;
			files = (
				FB4F26552C8218DA0085FD6A /* Assets.xcassets in Resources */,
				FB4F26582C8218DA0085FD6A /* Base in Resources */,
				FB4F26532C8218DA0085FD6A /* Base in Resources */,
			);
			runOnlyForDeploymentPostprocessing = 0;
		};
		FB4F265C2C8218DB0085FD6A /* Resources */ = {
			isa = PBXResourcesBuildPhase;
			buildActionMask = 2147483647;
			files = (
			);
			runOnlyForDeploymentPostprocessing = 0;
		};
		FB4F26662C8218DB0085FD6A /* Resources */ = {
			isa = PBXResourcesBuildPhase;
			buildActionMask = 2147483647;
			files = (
			);
			runOnlyForDeploymentPostprocessing = 0;
		};
/* End PBXResourcesBuildPhase section */

/* Begin PBXSourcesBuildPhase section */
		FB4F26442C8218DA0085FD6A /* Sources */ = {
			isa = PBXSourcesBuildPhase;
			buildActionMask = 2147483647;
			files = (
				FB4F26502C8218DA0085FD6A /* ViewController.swift in Sources */,
				FB16C0DE2C8B57C4006CAF9C /* InterfazBotones.swift in Sources */,
				FB4F264C2C8218DA0085FD6A /* AppDelegate.swift in Sources */,
				FB4F264E2C8218DA0085FD6A /* SceneDelegate.swift in Sources */,
			);
			runOnlyForDeploymentPostprocessing = 0;
		};
		FB4F265A2C8218DB0085FD6A /* Sources */ = {
			isa = PBXSourcesBuildPhase;
			buildActionMask = 2147483647;
			files = (
				FB4F26632C8218DB0085FD6A /* Calculadora_LolaTests.swift in Sources */,
			);
			runOnlyForDeploymentPostprocessing = 0;
		};
		FB4F26642C8218DB0085FD6A /* Sources */ = {
			isa = PBXSourcesBuildPhase;
			buildActionMask = 2147483647;
			files = (
				FB4F266F2C8218DB0085FD6A /* Calculadora_LolaUITestsLaunchTests.swift in Sources */,
				FB4F266D2C8218DB0085FD6A /* Calculadora_LolaUITests.swift in Sources */,
			);
			runOnlyForDeploymentPostprocessing = 0;
		};
/* End PBXSourcesBuildPhase section */

/* Begin PBXTargetDependency section */
		FB4F26602C8218DB0085FD6A /* PBXTargetDependency */ = {
			isa = PBXTargetDependency;
			target = FB4F26472C8218DA0085FD6A /* Calculadora Lola */;
			targetProxy = FB4F265F2C8218DB0085FD6A /* PBXContainerItemProxy */;
		};
		FB4F266A2C8218DB0085FD6A /* PBXTargetDependency */ = {
			isa = PBXTargetDependency;
			target = FB4F26472C8218DA0085FD6A /* Calculadora Lola */;
			targetProxy = FB4F26692C8218DB0085FD6A /* PBXContainerItemProxy */;
		};
/* End PBXTargetDependency section */

/* Begin PBXVariantGroup section */
		FB4F26512C8218DA0085FD6A /* Main.storyboard */ = {
			isa = PBXVariantGroup;
			children = (
				FB4F26522C8218DA0085FD6A /* Base */,
			);
			name = Main.storyboard;
			sourceTree = "<group>";
		};
		FB4F26562C8218DA0085FD6A /* LaunchScreen.storyboard */ = {
			isa = PBXVariantGroup;
			children = (
				FB4F26572C8218DA0085FD6A /* Base */,
			);
			name = LaunchScreen.storyboard;
			sourceTree = "<group>";
		};
/* End PBXVariantGroup section */

/* Begin XCBuildConfiguration section */
		FB4F26702C8218DB0085FD6A /* Debug */ = {
			isa = XCBuildConfiguration;
			buildSettings = {
				ALWAYS_SEARCH_USER_PATHS = NO;
				ASSETCATALOG_COMPILER_GENERATE_SWIFT_ASSET_SYMBOL_EXTENSIONS = YES;
				CLANG_ANALYZER_NONNULL = YES;
				CLANG_ANALYZER_NUMBER_OBJECT_CONVERSION = YES_AGGRESSIVE;
				CLANG_CXX_LANGUAGE_STANDARD = "gnu++20";
				CLANG_ENABLE_MODULES = YES;
				CLANG_ENABLE_OBJC_ARC = YES;
				CLANG_ENABLE_OBJC_WEAK = YES;
				CLANG_WARN_BLOCK_CAPTURE_AUTORELEASING = YES;
				CLANG_WARN_BOOL_CONVERSION = YES;
				CLANG_WARN_COMMA = YES;
				CLANG_WARN_CONSTANT_CONVERSION = YES;
				CLANG_WARN_DEPRECATED_OBJC_IMPLEMENTATIONS = YES;
				CLANG_WARN_DIRECT_OBJC_ISA_USAGE = YES_ERROR;
				CLANG_WARN_DOCUMENTATION_COMMENTS = YES;
				CLANG_WARN_EMPTY_BODY = YES;
				CLANG_WARN_ENUM_CONVERSION = YES;
				CLANG_WARN_INFINITE_RECURSION = YES;
				CLANG_WARN_INT_CONVERSION = YES;
				CLANG_WARN_NON_LITERAL_NULL_CONVERSION = YES;
				CLANG_WARN_OBJC_IMPLICIT_RETAIN_SELF = YES;
				CLANG_WARN_OBJC_LITERAL_CONVERSION = YES;
				CLANG_WARN_OBJC_ROOT_CLASS = YES_ERROR;
				CLANG_WARN_QUOTED_INCLUDE_IN_FRAMEWORK_HEADER = YES;
				CLANG_WARN_RANGE_LOOP_ANALYSIS = YES;
				CLANG_WARN_STRICT_PROTOTYPES = YES;
				CLANG_WARN_SUSPICIOUS_MOVE = YES;
				CLANG_WARN_UNGUARDED_AVAILABILITY = YES_AGGRESSIVE;
				CLANG_WARN_UNREACHABLE_CODE = YES;
				CLANG_WARN__DUPLICATE_METHOD_MATCH = YES;
				COPY_PHASE_STRIP = NO;
				DEBUG_INFORMATION_FORMAT = dwarf;
				ENABLE_STRICT_OBJC_MSGSEND = YES;
				ENABLE_TESTABILITY = YES;
				ENABLE_USER_SCRIPT_SANDBOXING = YES;
				GCC_C_LANGUAGE_STANDARD = gnu17;
				GCC_DYNAMIC_NO_PIC = NO;
				GCC_NO_COMMON_BLOCKS = YES;
				GCC_OPTIMIZATION_LEVEL = 0;
				GCC_PREPROCESSOR_DEFINITIONS = (
					"DEBUG=1",
					"$(inherited)",
				);
				GCC_WARN_64_TO_32_BIT_CONVERSION = YES;
				GCC_WARN_ABOUT_RETURN_TYPE = YES_ERROR;
				GCC_WARN_UNDECLARED_SELECTOR = YES;
				GCC_WARN_UNINITIALIZED_AUTOS = YES_AGGRESSIVE;
				GCC_WARN_UNUSED_FUNCTION = YES;
				GCC_WARN_UNUSED_VARIABLE = YES;
				IPHONEOS_DEPLOYMENT_TARGET = 17.5;
				LOCALIZATION_PREFERS_STRING_CATALOGS = YES;
				MTL_ENABLE_DEBUG_INFO = INCLUDE_SOURCE;
				MTL_FAST_MATH = YES;
				ONLY_ACTIVE_ARCH = YES;
				SDKROOT = iphoneos;
				SWIFT_ACTIVE_COMPILATION_CONDITIONS = "DEBUG $(inherited)";
				SWIFT_OPTIMIZATION_LEVEL = "-Onone";
			};
			name = Debug;
		};
		FB4F26712C8218DB0085FD6A /* Release */ = {
			isa = XCBuildConfiguration;
			buildSettings = {
				ALWAYS_SEARCH_USER_PATHS = NO;
				ASSETCATALOG_COMPILER_GENERATE_SWIFT_ASSET_SYMBOL_EXTENSIONS = YES;
				CLANG_ANALYZER_NONNULL = YES;
				CLANG_ANALYZER_NUMBER_OBJECT_CONVERSION = YES_AGGRESSIVE;
				CLANG_CXX_LANGUAGE_STANDARD = "gnu++20";
				CLANG_ENABLE_MODULES = YES;
				CLANG_ENABLE_OBJC_ARC = YES;
				CLANG_ENABLE_OBJC_WEAK = YES;
				CLANG_WARN_BLOCK_CAPTURE_AUTORELEASING = YES;
				CLANG_WARN_BOOL_CONVERSION = YES;
				CLANG_WARN_COMMA = YES;
				CLANG_WARN_CONSTANT_CONVERSION = YES;
				CLANG_WARN_DEPRECATED_OBJC_IMPLEMENTATIONS = YES;
				CLANG_WARN_DIRECT_OBJC_ISA_USAGE = YES_ERROR;
				CLANG_WARN_DOCUMENTATION_COMMENTS = YES;
				CLANG_WARN_EMPTY_BODY = YES;
				CLANG_WARN_ENUM_CONVERSION = YES;
				CLANG_WARN_INFINITE_RECURSION = YES;
				CLANG_WARN_INT_CONVERSION = YES;
				CLANG_WARN_NON_LITERAL_NULL_CONVERSION = YES;
				CLANG_WARN_OBJC_IMPLICIT_RETAIN_SELF = YES;
				CLANG_WARN_OBJC_LITERAL_CONVERSION = YES;
				CLANG_WARN_OBJC_ROOT_CLASS = YES_ERROR;
				CLANG_WARN_QUOTED_INCLUDE_IN_FRAMEWORK_HEADER = YES;
				CLANG_WARN_RANGE_LOOP_ANALYSIS = YES;
				CLANG_WARN_STRICT_PROTOTYPES = YES;
				CLANG_WARN_SUSPICIOUS_MOVE = YES;
				CLANG_WARN_UNGUARDED_AVAILABILITY = YES_AGGRESSIVE;
				CLANG_WARN_UNREACHABLE_CODE = YES;
				CLANG_WARN__DUPLICATE_METHOD_MATCH = YES;
				COPY_PHASE_STRIP = NO;
				DEBUG_INFORMATION_FORMAT = "dwarf-with-dsym";
				ENABLE_NS_ASSERTIONS = NO;
				ENABLE_STRICT_OBJC_MSGSEND = YES;
				ENABLE_USER_SCRIPT_SANDBOXING = YES;
				GCC_C_LANGUAGE_STANDARD = gnu17;
				GCC_NO_COMMON_BLOCKS = YES;
				GCC_WARN_64_TO_32_BIT_CONVERSION = YES;
				GCC_WARN_ABOUT_RETURN_TYPE = YES_ERROR;
				GCC_WARN_UNDECLARED_SELECTOR = YES;
				GCC_WARN_UNINITIALIZED_AUTOS = YES_AGGRESSIVE;
				GCC_WARN_UNUSED_FUNCTION = YES;
				GCC_WARN_UNUSED_VARIABLE = YES;
				IPHONEOS_DEPLOYMENT_TARGET = 17.5;
				LOCALIZATION_PREFERS_STRING_CATALOGS = YES;
				MTL_ENABLE_DEBUG_INFO = NO;
				MTL_FAST_MATH = YES;
				SDKROOT = iphoneos;
				SWIFT_COMPILATION_MODE = wholemodule;
				VALIDATE_PRODUCT = YES;
			};
			name = Release;
		};
		FB4F26732C8218DB0085FD6A /* Debug */ = {
			isa = XCBuildConfiguration;
			buildSettings = {
				ASSETCATALOG_COMPILER_APPICON_NAME = AppIcon;
				ASSETCATALOG_COMPILER_GLOBAL_ACCENT_COLOR_NAME = AccentColor;
				CODE_SIGN_STYLE = Automatic;
				CURRENT_PROJECT_VERSION = 1;
				GENERATE_INFOPLIST_FILE = YES;
				INFOPLIST_FILE = "Calculadora Lola/Info.plist";
				INFOPLIST_KEY_UIApplicationSupportsIndirectInputEvents = YES;
				INFOPLIST_KEY_UILaunchStoryboardName = LaunchScreen;
				INFOPLIST_KEY_UIMainStoryboardFile = Main;
				INFOPLIST_KEY_UISupportedInterfaceOrientations_iPad = "UIInterfaceOrientationPortrait UIInterfaceOrientationPortraitUpsideDown UIInterfaceOrientationLandscapeLeft UIInterfaceOrientationLandscapeRight";
				INFOPLIST_KEY_UISupportedInterfaceOrientations_iPhone = "UIInterfaceOrientationPortrait UIInterfaceOrientationLandscapeLeft UIInterfaceOrientationLandscapeRight";
				IPHONEOS_DEPLOYMENT_TARGET = 15.0;
				LD_RUNPATH_SEARCH_PATHS = (
					"$(inherited)",
					"@executable_path/Frameworks",
				);
				MARKETING_VERSION = 1;
				PRODUCT_BUNDLE_IDENTIFIER = "uacj.mx.Calculadora-Lola";
				PRODUCT_NAME = "$(TARGET_NAME)";
				SWIFT_EMIT_LOC_STRINGS = YES;
				SWIFT_VERSION = 5.0;
				TARGETED_DEVICE_FAMILY = "1,2";
			};
			name = Debug;
		};
		FB4F26742C8218DB0085FD6A /* Release */ = {
			isa = XCBuildConfiguration;
			buildSettings = {
				ASSETCATALOG_COMPILER_APPICON_NAME = AppIcon;
				ASSETCATALOG_COMPILER_GLOBAL_ACCENT_COLOR_NAME = AccentColor;
				CODE_SIGN_STYLE = Automatic;
				CURRENT_PROJECT_VERSION = 1;
				GENERATE_INFOPLIST_FILE = YES;
				INFOPLIST_FILE = "Calculadora Lola/Info.plist";
				INFOPLIST_KEY_UIApplicationSupportsIndirectInputEvents = YES;
				INFOPLIST_KEY_UILaunchStoryboardName = LaunchScreen;
				INFOPLIST_KEY_UIMainStoryboardFile = Main;
				INFOPLIST_KEY_UISupportedInterfaceOrientations_iPad = "UIInterfaceOrientationPortrait UIInterfaceOrientationPortraitUpsideDown UIInterfaceOrientationLandscapeLeft UIInterfaceOrientationLandscapeRight";
				INFOPLIST_KEY_UISupportedInterfaceOrientations_iPhone = "UIInterfaceOrientationPortrait UIInterfaceOrientationLandscapeLeft UIInterfaceOrientationLandscapeRight";
				IPHONEOS_DEPLOYMENT_TARGET = 15.0;
				LD_RUNPATH_SEARCH_PATHS = (
					"$(inherited)",
					"@executable_path/Frameworks",
				);
				MARKETING_VERSION = 1;
				PRODUCT_BUNDLE_IDENTIFIER = "uacj.mx.Calculadora-Lola";
				PRODUCT_NAME = "$(TARGET_NAME)";
				SWIFT_EMIT_LOC_STRINGS = YES;
				SWIFT_VERSION = 5.0;
				TARGETED_DEVICE_FAMILY = "1,2";
			};
			name = Release;
		};
		FB4F26762C8218DB0085FD6A /* Debug */ = {
			isa = XCBuildConfiguration;
			buildSettings = {
				ALWAYS_EMBED_SWIFT_STANDARD_LIBRARIES = YES;
				BUNDLE_LOADER = "$(TEST_HOST)";
				CODE_SIGN_STYLE = Automatic;
				CURRENT_PROJECT_VERSION = 1;
				GENERATE_INFOPLIST_FILE = YES;
				IPHONEOS_DEPLOYMENT_TARGET = 17.5;
				MARKETING_VERSION = 1.0;
				PRODUCT_BUNDLE_IDENTIFIER = "uacj.mx.Calculadora-LolaTests";
				PRODUCT_NAME = "$(TARGET_NAME)";
				SWIFT_EMIT_LOC_STRINGS = NO;
				SWIFT_VERSION = 5.0;
				TARGETED_DEVICE_FAMILY = "1,2";
				TEST_HOST = "$(BUILT_PRODUCTS_DIR)/Calculadora Lola.app/$(BUNDLE_EXECUTABLE_FOLDER_PATH)/Calculadora Lola";
			};
			name = Debug;
		};
		FB4F26772C8218DB0085FD6A /* Release */ = {
			isa = XCBuildConfiguration;
			buildSettings = {
				ALWAYS_EMBED_SWIFT_STANDARD_LIBRARIES = YES;
				BUNDLE_LOADER = "$(TEST_HOST)";
				CODE_SIGN_STYLE = Automatic;
				CURRENT_PROJECT_VERSION = 1;
				GENERATE_INFOPLIST_FILE = YES;
				IPHONEOS_DEPLOYMENT_TARGET = 17.5;
				MARKETING_VERSION = 1.0;
				PRODUCT_BUNDLE_IDENTIFIER = "uacj.mx.Calculadora-LolaTests";
				PRODUCT_NAME = "$(TARGET_NAME)";
				SWIFT_EMIT_LOC_STRINGS = NO;
				SWIFT_VERSION = 5.0;
				TARGETED_DEVICE_FAMILY = "1,2";
				TEST_HOST = "$(BUILT_PRODUCTS_DIR)/Calculadora Lola.app/$(BUNDLE_EXECUTABLE_FOLDER_PATH)/Calculadora Lola";
			};
			name = Release;
		};
		FB4F26792C8218DB0085FD6A /* Debug */ = {
			isa = XCBuildConfiguration;
			buildSettings = {
				ALWAYS_EMBED_SWIFT_STANDARD_LIBRARIES = YES;
				CODE_SIGN_STYLE = Automatic;
				CURRENT_PROJECT_VERSION = 1;
				GENERATE_INFOPLIST_FILE = YES;
				MARKETING_VERSION = 1.0;
				PRODUCT_BUNDLE_IDENTIFIER = "uacj.mx.Calculadora-LolaUITests";
				PRODUCT_NAME = "$(TARGET_NAME)";
				SWIFT_EMIT_LOC_STRINGS = NO;
				SWIFT_VERSION = 5.0;
				TARGETED_DEVICE_FAMILY = "1,2";
				TEST_TARGET_NAME = "Calculadora Lola";
			};
			name = Debug;
		};
		FB4F267A2C8218DB0085FD6A /* Release */ = {
			isa = XCBuildConfiguration;
			buildSettings = {
				ALWAYS_EMBED_SWIFT_STANDARD_LIBRARIES = YES;
				CODE_SIGN_STYLE = Automatic;
				CURRENT_PROJECT_VERSION = 1;
				GENERATE_INFOPLIST_FILE = YES;
				MARKETING_VERSION = 1.0;
				PRODUCT_BUNDLE_IDENTIFIER = "uacj.mx.Calculadora-LolaUITests";
				PRODUCT_NAME = "$(TARGET_NAME)";
				SWIFT_EMIT_LOC_STRINGS = NO;
				SWIFT_VERSION = 5.0;
				TARGETED_DEVICE_FAMILY = "1,2";
				TEST_TARGET_NAME = "Calculadora Lola";
			};
			name = Release;
		};
/* End XCBuildConfiguration section */

/* Begin XCConfigurationList section */
		FB4F26432C8218DA0085FD6A /* Build configuration list for PBXProject "Calculadora Lola" */ = {
			isa = XCConfigurationList;
			buildConfigurations = (
				FB4F26702C8218DB0085FD6A /* Debug */,
				FB4F26712C8218DB0085FD6A /* Release */,
			);
			defaultConfigurationIsVisible = 0;
			defaultConfigurationName = Release;
		};
		FB4F26722C8218DB0085FD6A /* Build configuration list for PBXNativeTarget "Calculadora Lola" */ = {
			isa = XCConfigurationList;
			buildConfigurations = (
				FB4F26732C8218DB0085FD6A /* Debug */,
				FB4F26742C8218DB0085FD6A /* Release */,
			);
			defaultConfigurationIsVisible = 0;
			defaultConfigurationName = Release;
		};
		FB4F26752C8218DB0085FD6A /* Build configuration list for PBXNativeTarget "Calculadora LolaTests" */ = {
			isa = XCConfigurationList;
			buildConfigurations = (
				FB4F26762C8218DB0085FD6A /* Debug */,
				FB4F26772C8218DB0085FD6A /* Release */,
			);
			defaultConfigurationIsVisible = 0;
			defaultConfigurationName = Release;
		};
		FB4F26782C8218DB0085FD6A /* Build configuration list for PBXNativeTarget "Calculadora LolaUITests" */ = {
			isa = XCConfigurationList;
			buildConfigurations = (
				FB4F26792C8218DB0085FD6A /* Debug */,
				FB4F267A2C8218DB0085FD6A /* Release */,
			);
			defaultConfigurationIsVisible = 0;
			defaultConfigurationName = Release;
		};
/* End XCConfigurationList section */
	};
	rootObject = FB4F26402C8218DA0085FD6A /* Project object */;
}
